
Microsoft Visual Studio Solution File, Format Version 12.00
# Visual Studio Version 17
VisualStudioVersion = 17.8.34330.188
MinimumVisualStudioVersion = 10.0.40219.1
Project("{9A19103F-16F7-4668-BE54-9A1E7A4F7556}") = "Delinea.Extensions.Provider", "src\Delinea.Extensions.Provider\Delinea.Extensions.Provider.csproj", "{A11582B0-BB34-4138-9097-6D1E6027C016}"
EndProject
Project("{2150E333-8FDC-42A3-9474-1A3956D46DE8}") = "Solution Items", "Solution Items", "{3A0D3FC7-A284-4D24-BFE5-9E7D3FC3620D}"
	ProjectSection(SolutionItems) = preProject
		.editorconfig = .editorconfig
		.gitignore = .gitignore
		.runsettings = .runsettings
		Directory.Build.props = Directory.Build.props
		Directory.Build.targets = Directory.Build.targets
		global.json = global.json
		LICENSE = LICENSE
		nuget.config = nuget.config
		README.md = README.md
		stylecop.json = stylecop.json
	EndProjectSection
EndProject
Project("{2150E333-8FDC-42A3-9474-1A3956D46DE8}") = "src", "src", "{30CA7814-C59F-421C-A584-84F75C444B9B}"
EndProject
Project("{2150E333-8FDC-42A3-9474-1A3956D46DE8}") = "tests", "tests", "{52E6362F-92FC-488C-A943-AAC59897FBF9}"
EndProject
Global
	GlobalSection(SolutionConfigurationPlatforms) = preSolution
		Debug|Any CPU = Debug|Any CPU
		Release|Any CPU = Release|Any CPU
	EndGlobalSection
	GlobalSection(ProjectConfigurationPlatforms) = postSolution
		{A11582B0-BB34-4138-9097-6D1E6027C016}.Debug|Any CPU.ActiveCfg = Debug|Any CPU
		{A11582B0-BB34-4138-9097-6D1E6027C016}.Debug|Any CPU.Build.0 = Debug|Any CPU
		{A11582B0-BB34-4138-9097-6D1E6027C016}.Release|Any CPU.ActiveCfg = Release|Any CPU
		{A11582B0-BB34-4138-9097-6D1E6027C016}.Release|Any CPU.Build.0 = Release|Any CPU
	EndGlobalSection
	GlobalSection(SolutionProperties) = preSolution
		HideSolutionNode = FALSE
	EndGlobalSection
	GlobalSection(NestedProjects) = preSolution
		{A11582B0-BB34-4138-9097-6D1E6027C016} = {30CA7814-C59F-421C-A584-84F75C444B9B}
	EndGlobalSection
	GlobalSection(ExtensibilityGlobals) = postSolution
		SolutionGuid = {1870EB6D-AEE1-4F63-9FBC-A9F72315366A}
	EndGlobalSection
EndGlobal
